{
  "lockfileVersion": 1,
  "configVersion": 1,
  "workspaces": {
    "": {
      "name": "persian-date-time-picker-signal",
      "dependencies": {
        "date-fns": "^4.1.0",
        "date-fns-jalali": "^4.1.0-0",
        "tslib": "^2.8.1",
      },
      "peerDependencies": {
        "@angular/animations": "^14.0.0 || ^15.0.0 || ^16.0.0 || ^17.0.0 || ^18.0.0 || ^19.0.0 || ^20.0.0",
        "@angular/cdk": "^14.0.0 || ^15.0.0 || ^16.0.0 || ^17.0.0 || ^18.0.0 || ^19.0.0 || ^20.0.0",
        "@angular/common": "^14.0.0 || ^15.0.0 || ^16.0.0 || ^17.0.0 || ^18.0.0 || ^19.0.0 || ^20.0.0",
        "@angular/core": "^14.0.0 || ^15.0.0 || ^16.0.0 || ^17.0.0 || ^18.0.0 || ^19.0.0 || ^20.0.0",
        "@angular/forms": "^14.0.0 || ^15.0.0 || ^16.0.0 || ^17.0.0 || ^18.0.0 || ^19.0.0 || ^20.0.0",
        "date-fns": "^4.1.0",
        "date-fns-jalali": "^4.1.0-0",
      },
    },
  },
  "packages": {
    "@angular/animations": ["@angular/animations@20.3.15", "", { "dependencies": { "tslib": "^2.3.0" }, "peerDependencies": { "@angular/core": "20.3.15" } }, "sha512-ikyKfhkxoqQA6JcBN0B9RaN6369sM1XYX81Id0lI58dmWCe7gYfrTp8ejqxxKftl514psQO3pkW8Gn1nJ131Gw=="],

    "@angular/cdk": ["@angular/cdk@20.2.14", "", { "dependencies": { "parse5": "^8.0.0", "tslib": "^2.3.0" }, "peerDependencies": { "@angular/common": "^20.0.0 || ^21.0.0", "@angular/core": "^20.0.0 || ^21.0.0", "rxjs": "^6.5.3 || ^7.4.0" } }, "sha512-7bZxc01URbiPiIBWThQ69XwOxVduqEKN4PhpbF2AAyfMc/W8Hcr4VoIJOwL0O1Nkq5beS8pCAqoOeIgFyXd/kg=="],

    "@angular/common": ["@angular/common@20.3.15", "", { "dependencies": { "tslib": "^2.3.0" }, "peerDependencies": { "@angular/core": "20.3.15", "rxjs": "^6.5.3 || ^7.4.0" } }, "sha512-k4mCXWRFiOHK3bUKfWkRQQ8KBPxW8TAJuKLYCsSHPCpMz6u0eA1F0VlrnOkZVKWPI792fOaEAWH2Y4PTaXlUHw=="],

    "@angular/core": ["@angular/core@20.3.15", "", { "dependencies": { "tslib": "^2.3.0" }, "peerDependencies": { "@angular/compiler": "20.3.15", "rxjs": "^6.5.3 || ^7.4.0", "zone.js": "~0.15.0" }, "optionalPeers": ["@angular/compiler", "zone.js"] }, "sha512-NMbX71SlTZIY9+rh/SPhRYFJU0pMJYW7z/TBD4lqiO+b0DTOIg1k7Pg9ydJGqSjFO1Z4dQaA6TteNuF99TJCNw=="],

    "@angular/forms": ["@angular/forms@20.3.15", "", { "dependencies": { "tslib": "^2.3.0" }, "peerDependencies": { "@angular/common": "20.3.15", "@angular/core": "20.3.15", "@angular/platform-browser": "20.3.15", "rxjs": "^6.5.3 || ^7.4.0" } }, "sha512-gS5hQkinq52pm/7mxz4yHPCzEcmRWjtUkOVddPH0V1BW/HMni/p4Y6k2KqKBeGb9p8S5EAp6PDxDVLOPukp3mg=="],

    "@angular/platform-browser": ["@angular/platform-browser@20.3.15", "", { "dependencies": { "tslib": "^2.3.0" }, "peerDependencies": { "@angular/animations": "20.3.15", "@angular/common": "20.3.15", "@angular/core": "20.3.15" }, "optionalPeers": ["@angular/animations"] }, "sha512-TxRM/wTW/oGXv/3/Iohn58yWoiYXOaeEnxSasiGNS1qhbkcKtR70xzxW6NjChBUYAixz2ERkLURkpx3pI8Q6Dw=="],

    "date-fns": ["date-fns@4.1.0", "", {}, "sha512-Ukq0owbQXxa/U3EGtsdVBkR1w7KOQ5gIBqdH2hkvknzZPYvBxb/aa6E8L7tmjFtkwZBu3UXBbjIgPo/Ez4xaNg=="],

    "date-fns-jalali": ["date-fns-jalali@4.1.0-0", "", {}, "sha512-hTIP/z+t+qKwBDcmmsnmjWTduxCg+5KfdqWQvb2X/8C9+knYY6epN/pfxdDuyVlSVeFz0sM5eEfwIUQ70U4ckg=="],

    "entities": ["entities@6.0.1", "", {}, "sha512-aN97NXWF6AWBTahfVOIrB/NShkzi5H7F9r1s9mD3cDj4Ko5f2qhhVoYMibXF7GlLveb/D2ioWay8lxI97Ven3g=="],

    "parse5": ["parse5@8.0.0", "", { "dependencies": { "entities": "^6.0.0" } }, "sha512-9m4m5GSgXjL4AjumKzq1Fgfp3Z8rsvjRNbnkVwfu2ImRqE5D0LnY2QfDen18FSY9C573YU5XxSapdHZTZ2WolA=="],

    "rxjs": ["rxjs@7.8.2", "", { "dependencies": { "tslib": "^2.1.0" } }, "sha512-dhKf903U/PQZY6boNNtAGdWbG85WAbjT/1xYoZIC7FAY0yWapOBQVsVrDl58W86//e1VpMNBtRV4MaXfdMySFA=="],

    "tslib": ["tslib@2.8.1", "", {}, "sha512-oJFu94HQb+KVduSUQL7wnpmqnfmLsOA/nAh6b6EH0wCEoK0/mPeXU6c3wKDV83MkOuHPRHtSXKKU99IBazS/2w=="],
  }
}
